
Microsoft Visual Studio Solution File, Format Version 12.00
# Visual Studio Version 17
VisualStudioVersion = 17.5.002.0
MinimumVisualStudioVersion = 10.0.40219.1
Project("{9A19103F-16F7-4668-BE54-9A1E7A4F7556}") = "Problem_43", "Problem_43.csproj", "{8EF301F6-E20E-46E6-9312-03AC60C1EB91}"
EndProject
Global
	GlobalSection(SolutionConfigurationPlatforms) = preSolution
		Debug|Any CPU = Debug|Any CPU
		Release|Any CPU = Release|Any CPU
	EndGlobalSection
	GlobalSection(ProjectConfigurationPlatforms) = postSolution
		{8EF301F6-E20E-46E6-9312-03AC60C1EB91}.Debug|Any CPU.ActiveCfg = Debug|Any CPU
		{8EF301F6-E20E-46E6-9312-03AC60C1EB91}.Debug|Any CPU.Build.0 = Debug|Any CPU
		{8EF301F6-E20E-46E6-9312-03AC60C1EB91}.Release|Any CPU.ActiveCfg = Release|Any CPU
		{8EF301F6-E20E-46E6-9312-03AC60C1EB91}.Release|Any CPU.Build.0 = Release|Any CPU
	EndGlobalSection
	GlobalSection(SolutionProperties) = preSolution
		HideSolutionNode = FALSE
	EndGlobalSection
	GlobalSection(ExtensibilityGlobals) = postSolution
		SolutionGuid = {77D441A2-BEEE-452C-B159-CCB4EF410469}
	EndGlobalSection
EndGlobal
