
Microsoft Visual Studio Solution File, Format Version 12.00
# Visual Studio Version 17
VisualStudioVersion = 17.5.002.0
MinimumVisualStudioVersion = 10.0.40219.1
Project("{9A19103F-16F7-4668-BE54-9A1E7A4F7556}") = "Problem_44", "Problem_44.csproj", "{9EC09BCC-47B1-4BEE-B725-D3CA1C1E563E}"
EndProject
Global
	GlobalSection(SolutionConfigurationPlatforms) = preSolution
		Debug|Any CPU = Debug|Any CPU
		Release|Any CPU = Release|Any CPU
	EndGlobalSection
	GlobalSection(ProjectConfigurationPlatforms) = postSolution
		{9EC09BCC-47B1-4BEE-B725-D3CA1C1E563E}.Debug|Any CPU.ActiveCfg = Debug|Any CPU
		{9EC09BCC-47B1-4BEE-B725-D3CA1C1E563E}.Debug|Any CPU.Build.0 = Debug|Any CPU
		{9EC09BCC-47B1-4BEE-B725-D3CA1C1E563E}.Release|Any CPU.ActiveCfg = Release|Any CPU
		{9EC09BCC-47B1-4BEE-B725-D3CA1C1E563E}.Release|Any CPU.Build.0 = Release|Any CPU
	EndGlobalSection
	GlobalSection(SolutionProperties) = preSolution
		HideSolutionNode = FALSE
	EndGlobalSection
	GlobalSection(ExtensibilityGlobals) = postSolution
		SolutionGuid = {B2FF8F34-5E78-486E-BAD4-5C24E558CAF7}
	EndGlobalSection
EndGlobal
